
Microsoft Visual Studio Solution File, Format Version 12.00
# Visual Studio Version 16
VisualStudioVersion = 16.0.31205.134
MinimumVisualStudioVersion = 10.0.40219.1
Project("{8BC9CEB8-8B4A-11D0-8D11-00A0C91BC942}") = "Client", "client\StreamClient.vcxproj", "{144CCC0E-0CE9-42D2-887B-4210DEAA2BC6}"
EndProject
Project("{8BC9CEB8-8B4A-11D0-8D11-00A0C91BC942}") = "Server", "server\StreamServer.vcxproj", "{6FC978B9-9CC8-4C8A-A5E3-D575B59ED415}"
EndProject
Project("{8BC9CEB8-8B4A-11D0-8D11-00A0C91BC942}") = "SSLClient", "lib\src\StreamSSL-2.1.3\SSLClient\SSLClient.vcxproj", "{71D079B7-91C6-4CA2-8BFE-E369835DA8F3}"
EndProject
Project("{8BC9CEB8-8B4A-11D0-8D11-00A0C91BC942}") = "SSLServer", "lib\src\StreamSSL-2.1.3\SSLServer\SSLServer.vcxproj", "{287B68D2-7381-4E78-AC72-79A49738228D}"
EndProject
Project("{8BC9CEB8-8B4A-11D0-8D11-00A0C91BC942}") = "InitDatabase", "InitDatabase\InitDatabase.vcxproj", "{C372ED21-ECD8-455B-831C-2E53DA838108}"
EndProject
Project("{2150E333-8FDC-42A3-9474-1A3956D46DE8}") = "Solution Items", "Solution Items", "{4B31B63A-DE99-465E-8100-1706AD6E18EB}"
	ProjectSection(SolutionItems) = preProject
		PICKUP.txt = PICKUP.txt
	EndProjectSection
EndProject
Global
	GlobalSection(SolutionConfigurationPlatforms) = preSolution
		Debug Ansi|x64 = Debug Ansi|x64
		Debug Ansi|x86 = Debug Ansi|x86
		Debug|x64 = Debug|x64
		Debug|x86 = Debug|x86
		Release|x64 = Release|x64
		Release|x86 = Release|x86
	EndGlobalSection
	GlobalSection(ProjectConfigurationPlatforms) = postSolution
		{144CCC0E-0CE9-42D2-887B-4210DEAA2BC6}.Debug Ansi|x64.ActiveCfg = Debug Ansi|x64
		{144CCC0E-0CE9-42D2-887B-4210DEAA2BC6}.Debug Ansi|x64.Build.0 = Debug Ansi|x64
		{144CCC0E-0CE9-42D2-887B-4210DEAA2BC6}.Debug Ansi|x86.ActiveCfg = Debug Ansi|Win32
		{144CCC0E-0CE9-42D2-887B-4210DEAA2BC6}.Debug Ansi|x86.Build.0 = Debug Ansi|Win32
		{144CCC0E-0CE9-42D2-887B-4210DEAA2BC6}.Debug|x64.ActiveCfg = Debug|x64
		{144CCC0E-0CE9-42D2-887B-4210DEAA2BC6}.Debug|x64.Build.0 = Debug|x64
		{144CCC0E-0CE9-42D2-887B-4210DEAA2BC6}.Debug|x86.ActiveCfg = Debug|Win32
		{144CCC0E-0CE9-42D2-887B-4210DEAA2BC6}.Debug|x86.Build.0 = Debug|Win32
		{144CCC0E-0CE9-42D2-887B-4210DEAA2BC6}.Release|x64.ActiveCfg = Release|x64
		{144CCC0E-0CE9-42D2-887B-4210DEAA2BC6}.Release|x64.Build.0 = Release|x64
		{144CCC0E-0CE9-42D2-887B-4210DEAA2BC6}.Release|x86.ActiveCfg = Release|Win32
		{144CCC0E-0CE9-42D2-887B-4210DEAA2BC6}.Release|x86.Build.0 = Release|Win32
		{6FC978B9-9CC8-4C8A-A5E3-D575B59ED415}.Debug Ansi|x64.ActiveCfg = Debug Ansi|x64
		{6FC978B9-9CC8-4C8A-A5E3-D575B59ED415}.Debug Ansi|x64.Build.0 = Debug Ansi|x64
		{6FC978B9-9CC8-4C8A-A5E3-D575B59ED415}.Debug Ansi|x86.ActiveCfg = Debug Ansi|Win32
		{6FC978B9-9CC8-4C8A-A5E3-D575B59ED415}.Debug Ansi|x86.Build.0 = Debug Ansi|Win32
		{6FC978B9-9CC8-4C8A-A5E3-D575B59ED415}.Debug|x64.ActiveCfg = Debug|x64
		{6FC978B9-9CC8-4C8A-A5E3-D575B59ED415}.Debug|x64.Build.0 = Debug|x64
		{6FC978B9-9CC8-4C8A-A5E3-D575B59ED415}.Debug|x86.ActiveCfg = Debug|Win32
		{6FC978B9-9CC8-4C8A-A5E3-D575B59ED415}.Debug|x86.Build.0 = Debug|Win32
		{6FC978B9-9CC8-4C8A-A5E3-D575B59ED415}.Release|x64.ActiveCfg = Release|x64
		{6FC978B9-9CC8-4C8A-A5E3-D575B59ED415}.Release|x64.Build.0 = Release|x64
		{6FC978B9-9CC8-4C8A-A5E3-D575B59ED415}.Release|x86.ActiveCfg = Release|Win32
		{6FC978B9-9CC8-4C8A-A5E3-D575B59ED415}.Release|x86.Build.0 = Release|Win32
		{71D079B7-91C6-4CA2-8BFE-E369835DA8F3}.Debug Ansi|x64.ActiveCfg = Debug|x64
		{71D079B7-91C6-4CA2-8BFE-E369835DA8F3}.Debug Ansi|x64.Build.0 = Debug|x64
		{71D079B7-91C6-4CA2-8BFE-E369835DA8F3}.Debug Ansi|x86.ActiveCfg = Debug|Win32
		{71D079B7-91C6-4CA2-8BFE-E369835DA8F3}.Debug Ansi|x86.Build.0 = Debug|Win32
		{71D079B7-91C6-4CA2-8BFE-E369835DA8F3}.Debug|x64.ActiveCfg = Debug|x64
		{71D079B7-91C6-4CA2-8BFE-E369835DA8F3}.Debug|x64.Build.0 = Debug|x64
		{71D079B7-91C6-4CA2-8BFE-E369835DA8F3}.Debug|x86.ActiveCfg = Debug|Win32
		{71D079B7-91C6-4CA2-8BFE-E369835DA8F3}.Debug|x86.Build.0 = Debug|Win32
		{71D079B7-91C6-4CA2-8BFE-E369835DA8F3}.Release|x64.ActiveCfg = Release|x64
		{71D079B7-91C6-4CA2-8BFE-E369835DA8F3}.Release|x64.Build.0 = Release|x64
		{71D079B7-91C6-4CA2-8BFE-E369835DA8F3}.Release|x86.ActiveCfg = Release|Win32
		{71D079B7-91C6-4CA2-8BFE-E369835DA8F3}.Release|x86.Build.0 = Release|Win32
		{287B68D2-7381-4E78-AC72-79A49738228D}.Debug Ansi|x64.ActiveCfg = Debug|x64
		{287B68D2-7381-4E78-AC72-79A49738228D}.Debug Ansi|x64.Build.0 = Debug|x64
		{287B68D2-7381-4E78-AC72-79A49738228D}.Debug Ansi|x86.ActiveCfg = Debug|Win32
		{287B68D2-7381-4E78-AC72-79A49738228D}.Debug Ansi|x86.Build.0 = Debug|Win32
		{287B68D2-7381-4E78-AC72-79A49738228D}.Debug|x64.ActiveCfg = Debug|x64
		{287B68D2-7381-4E78-AC72-79A49738228D}.Debug|x64.Build.0 = Debug|x64
		{287B68D2-7381-4E78-AC72-79A49738228D}.Debug|x86.ActiveCfg = Debug|Win32
		{287B68D2-7381-4E78-AC72-79A49738228D}.Debug|x86.Build.0 = Debug|Win32
		{287B68D2-7381-4E78-AC72-79A49738228D}.Release|x64.ActiveCfg = Release|x64
		{287B68D2-7381-4E78-AC72-79A49738228D}.Release|x64.Build.0 = Release|x64
		{287B68D2-7381-4E78-AC72-79A49738228D}.Release|x86.ActiveCfg = Release|Win32
		{287B68D2-7381-4E78-AC72-79A49738228D}.Release|x86.Build.0 = Release|Win32
		{C372ED21-ECD8-455B-831C-2E53DA838108}.Debug Ansi|x64.ActiveCfg = Debug|x64
		{C372ED21-ECD8-455B-831C-2E53DA838108}.Debug Ansi|x64.Build.0 = Debug|x64
		{C372ED21-ECD8-455B-831C-2E53DA838108}.Debug Ansi|x86.ActiveCfg = Debug|Win32
		{C372ED21-ECD8-455B-831C-2E53DA838108}.Debug Ansi|x86.Build.0 = Debug|Win32
		{C372ED21-ECD8-455B-831C-2E53DA838108}.Debug|x64.ActiveCfg = Debug|x64
		{C372ED21-ECD8-455B-831C-2E53DA838108}.Debug|x64.Build.0 = Debug|x64
		{C372ED21-ECD8-455B-831C-2E53DA838108}.Debug|x86.ActiveCfg = Debug|Win32
		{C372ED21-ECD8-455B-831C-2E53DA838108}.Debug|x86.Build.0 = Debug|Win32
		{C372ED21-ECD8-455B-831C-2E53DA838108}.Release|x64.ActiveCfg = Release|x64
		{C372ED21-ECD8-455B-831C-2E53DA838108}.Release|x64.Build.0 = Release|x64
		{C372ED21-ECD8-455B-831C-2E53DA838108}.Release|x86.ActiveCfg = Release|Win32
		{C372ED21-ECD8-455B-831C-2E53DA838108}.Release|x86.Build.0 = Release|Win32
	EndGlobalSection
	GlobalSection(SolutionProperties) = preSolution
		HideSolutionNode = FALSE
	EndGlobalSection
	GlobalSection(ExtensibilityGlobals) = postSolution
		SolutionGuid = {F9B85438-5E33-464C-A33A-D6912B2CAA49}
	EndGlobalSection
EndGlobal
